
Microsoft Visual Studio Solution File, Format Version 12.00
# Visual Studio Version 17
VisualStudioVersion = 17.0.31903.59
MinimumVisualStudioVersion = 10.0.40219.1
Project("{FAE04EC0-301F-11D3-BF4B-00C04F79EFBC}") = "FixItNow.Api", "FixItNow.Api\FixItNow.Api.csproj", "{476D3358-5037-4798-853F-C0F3FEC08E66}"
EndProject
Project("{FAE04EC0-301F-11D3-BF4B-00C04F79EFBC}") = "FixItNow.Tests", "FixItNow.Tests\FixItNow.Tests.csproj", "{1E8DF105-140F-45DF-A97E-508F8287A280}"
EndProject
Global
	GlobalSection(SolutionConfigurationPlatforms) = preSolution
		Debug|Any CPU = Debug|Any CPU
		Release|Any CPU = Release|Any CPU
	EndGlobalSection
	GlobalSection(SolutionProperties) = preSolution
		HideSolutionNode = FALSE
	EndGlobalSection
	GlobalSection(ProjectConfigurationPlatforms) = postSolution
		{476D3358-5037-4798-853F-C0F3FEC08E66}.Debug|Any CPU.ActiveCfg = Debug|Any CPU
		{476D3358-5037-4798-853F-C0F3FEC08E66}.Debug|Any CPU.Build.0 = Debug|Any CPU
		{476D3358-5037-4798-853F-C0F3FEC08E66}.Release|Any CPU.ActiveCfg = Release|Any CPU
		{476D3358-5037-4798-853F-C0F3FEC08E66}.Release|Any CPU.Build.0 = Release|Any CPU
		{1E8DF105-140F-45DF-A97E-508F8287A280}.Debug|Any CPU.ActiveCfg = Debug|Any CPU
		{1E8DF105-140F-45DF-A97E-508F8287A280}.Debug|Any CPU.Build.0 = Debug|Any CPU
		{1E8DF105-140F-45DF-A97E-508F8287A280}.Release|Any CPU.ActiveCfg = Release|Any CPU
		{1E8DF105-140F-45DF-A97E-508F8287A280}.Release|Any CPU.Build.0 = Release|Any CPU
	EndGlobalSection
EndGlobal
